Microsoft Visual Studio Solution File, Format Version 12.00
# Visual Studio Version 17
VisualStudioVersion = 17.5.2.0
MinimumVisualStudioVersion = 10.0.40219.1
Project("{FAE04EC0-301F-11D3-BF4B-00C04F79EFBC}") = "my-code-dir", "my-code-dir.csproj", "{FA994173-DCD6-33C9-3BB1-9EE23D8DDF22}"
EndProject
Global
	GlobalSection(SolutionConfigurationPlatforms) = preSolution
		Debug|Any CPU = Debug|Any CPU
		Release|Any CPU = Release|Any CPU
	EndGlobalSection
	GlobalSection(ProjectConfigurationPlatforms) = postSolution
		{FA994173-DCD6-33C9-3BB1-9EE23D8DDF22}.Debug|Any CPU.ActiveCfg = Debug|Any CPU
		{FA994173-DCD6-33C9-3BB1-9EE23D8DDF22}.Debug|Any CPU.Build.0 = Debug|Any CPU
		{FA994173-DCD6-33C9-3BB1-9EE23D8DDF22}.Release|Any CPU.ActiveCfg = Release|Any CPU
		{FA994173-DCD6-33C9-3BB1-9EE23D8DDF22}.Release|Any CPU.Build.0 = Release|Any CPU
	EndGlobalSection
	GlobalSection(SolutionProperties) = preSolution
		HideSolutionNode = FALSE
	EndGlobalSection
	GlobalSection(ExtensibilityGlobals) = postSolution
		SolutionGuid = {DF3C11AA-CD57-4F56-AACE-0793CA726197}
	EndGlobalSection
EndGlobal
